
Microsoft Visual Studio Solution File, Format Version 12.00
# Visual Studio 2013
Project("{FAE04EC0-301F-11D3-BF4B-00C04F79EFBC}") = "GameTemplateClient.CSharp", "GameTemplateClient.CSharp.csproj", "{71BC7D66-99EB-D6CC-5498-8CFB1AEF5615}"
EndProject
Project("{FAE04EC0-301F-11D3-BF4B-00C04F79EFBC}") = "GameTemplateClient.CSharp.Editor", "GameTemplateClient.CSharp.Editor.csproj", "{44B36444-ED56-FEDB-84D9-83FED3543A9D}"
EndProject
Global
	GlobalSection(SolutionConfigurationPlatforms) = preSolution
		Debug|Any CPU = Debug|Any CPU
		Release|Any CPU = Release|Any CPU
	EndGlobalSection
	GlobalSection(ProjectConfigurationPlatforms) = postSolution
		{71BC7D66-99EB-D6CC-5498-8CFB1AEF5615}.Debug|Any CPU.ActiveCfg = Debug|Any CPU
		{71BC7D66-99EB-D6CC-5498-8CFB1AEF5615}.Debug|Any CPU.Build.0 = Debug|Any CPU
		{71BC7D66-99EB-D6CC-5498-8CFB1AEF5615}.Release|Any CPU.ActiveCfg = Release|Any CPU
		{71BC7D66-99EB-D6CC-5498-8CFB1AEF5615}.Release|Any CPU.Build.0 = Release|Any CPU
		{44B36444-ED56-FEDB-84D9-83FED3543A9D}.Debug|Any CPU.ActiveCfg = Debug|Any CPU
		{44B36444-ED56-FEDB-84D9-83FED3543A9D}.Debug|Any CPU.Build.0 = Debug|Any CPU
		{44B36444-ED56-FEDB-84D9-83FED3543A9D}.Release|Any CPU.ActiveCfg = Release|Any CPU
		{44B36444-ED56-FEDB-84D9-83FED3543A9D}.Release|Any CPU.Build.0 = Release|Any CPU
	EndGlobalSection
	GlobalSection(SolutionProperties) = preSolution
		HideSolutionNode = FALSE
	EndGlobalSection
EndGlobal
